
Microsoft Visual Studio Solution File, Format Version 12.00
# Visual Studio Version 16
VisualStudioVersion = 16.0.31205.134
MinimumVisualStudioVersion = 10.0.40219.1
Project("{FAE04EC0-301F-11D3-BF4B-00C04F79EFBC}") = "BaiTap", "BaiTap\BaiTap.csproj", "{61B42F07-7766-4B43-A0F2-2EAD35210B8C}"
EndProject
Global
	GlobalSection(SolutionConfigurationPlatforms) = preSolution
		Debug|Any CPU = Debug|Any CPU
		Release|Any CPU = Release|Any CPU
	EndGlobalSection
	GlobalSection(ProjectConfigurationPlatforms) = postSolution
		{61B42F07-7766-4B43-A0F2-2EAD35210B8C}.Debug|Any CPU.ActiveCfg = Debug|Any CPU
		{61B42F07-7766-4B43-A0F2-2EAD35210B8C}.Debug|Any CPU.Build.0 = Debug|Any CPU
		{61B42F07-7766-4B43-A0F2-2EAD35210B8C}.Release|Any CPU.ActiveCfg = Release|Any CPU
		{61B42F07-7766-4B43-A0F2-2EAD35210B8C}.Release|Any CPU.Build.0 = Release|Any CPU
	EndGlobalSection
	GlobalSection(SolutionProperties) = preSolution
		HideSolutionNode = FALSE
	EndGlobalSection
	GlobalSection(ExtensibilityGlobals) = postSolution
		SolutionGuid = {F14638C7-8BE8-42E3-8125-F56C1B1EFECA}
	EndGlobalSection
EndGlobal
